
Microsoft Visual Studio Solution File, Format Version 12.00
# Visual Studio Version 17
VisualStudioVersion = 17.10.35027.167
MinimumVisualStudioVersion = 10.0.40219.1
Project("{FAE04EC0-301F-11D3-BF4B-00C04F79EFBC}") = "Projekt", "Projekt\Projekt.csproj", "{65928A4E-EBC9-43BE-8218-25C989FF010E}"
	ProjectSection(ProjectDependencies) = postProject
		{92FDB231-912B-455D-84EC-B56711E7E47C} = {92FDB231-912B-455D-84EC-B56711E7E47C}
	EndProjectSection
EndProject
Project("{8BC9CEB8-8B4A-11D0-8D11-00A0C91BC942}") = "ModuleAsm", "ModuleAsm\ModuleAsm.vcxproj", "{92FDB231-912B-455D-84EC-B56711E7E47C}"
EndProject
Project("{FAE04EC0-301F-11D3-BF4B-00C04F79EFBC}") = "ColorBlidnessCS", "ColorBlidnessCS\ColorBlidnessCS.csproj", "{8E02A2F0-C2D4-4946-A6D6-4BE6B92B6289}"
EndProject
Global
	GlobalSection(SolutionConfigurationPlatforms) = preSolution
		Debug|Any CPU = Debug|Any CPU
		Debug|ARM = Debug|ARM
		Debug|ARM64 = Debug|ARM64
		Debug|x64 = Debug|x64
		Debug|x86 = Debug|x86
		Release|Any CPU = Release|Any CPU
		Release|ARM = Release|ARM
		Release|ARM64 = Release|ARM64
		Release|x64 = Release|x64
		Release|x86 = Release|x86
	EndGlobalSection
	GlobalSection(ProjectConfigurationPlatforms) = postSolution
		{65928A4E-EBC9-43BE-8218-25C989FF010E}.Debug|Any CPU.ActiveCfg = Debug|Any CPU
		{65928A4E-EBC9-43BE-8218-25C989FF010E}.Debug|Any CPU.Build.0 = Debug|Any CPU
		{65928A4E-EBC9-43BE-8218-25C989FF010E}.Debug|ARM.ActiveCfg = Debug|Any CPU
		{65928A4E-EBC9-43BE-8218-25C989FF010E}.Debug|ARM.Build.0 = Debug|Any CPU
		{65928A4E-EBC9-43BE-8218-25C989FF010E}.Debug|ARM64.ActiveCfg = Debug|Any CPU
		{65928A4E-EBC9-43BE-8218-25C989FF010E}.Debug|ARM64.Build.0 = Debug|Any CPU
		{65928A4E-EBC9-43BE-8218-25C989FF010E}.Debug|x64.ActiveCfg = Debug|x64
		{65928A4E-EBC9-43BE-8218-25C989FF010E}.Debug|x64.Build.0 = Debug|x64
		{65928A4E-EBC9-43BE-8218-25C989FF010E}.Debug|x86.ActiveCfg = Debug|Any CPU
		{65928A4E-EBC9-43BE-8218-25C989FF010E}.Debug|x86.Build.0 = Debug|Any CPU
		{65928A4E-EBC9-43BE-8218-25C989FF010E}.Release|Any CPU.ActiveCfg = Release|Any CPU
		{65928A4E-EBC9-43BE-8218-25C989FF010E}.Release|Any CPU.Build.0 = Release|Any CPU
		{65928A4E-EBC9-43BE-8218-25C989FF010E}.Release|ARM.ActiveCfg = Release|Any CPU
		{65928A4E-EBC9-43BE-8218-25C989FF010E}.Release|ARM.Build.0 = Release|Any CPU
		{65928A4E-EBC9-43BE-8218-25C989FF010E}.Release|ARM64.ActiveCfg = Release|Any CPU
		{65928A4E-EBC9-43BE-8218-25C989FF010E}.Release|ARM64.Build.0 = Release|Any CPU
		{65928A4E-EBC9-43BE-8218-25C989FF010E}.Release|x64.ActiveCfg = Release|x64
		{65928A4E-EBC9-43BE-8218-25C989FF010E}.Release|x64.Build.0 = Release|x64
		{65928A4E-EBC9-43BE-8218-25C989FF010E}.Release|x86.ActiveCfg = Release|Any CPU
		{65928A4E-EBC9-43BE-8218-25C989FF010E}.Release|x86.Build.0 = Release|Any CPU
		{92FDB231-912B-455D-84EC-B56711E7E47C}.Debug|Any CPU.ActiveCfg = Debug|x64
		{92FDB231-912B-455D-84EC-B56711E7E47C}.Debug|Any CPU.Build.0 = Debug|x64
		{92FDB231-912B-455D-84EC-B56711E7E47C}.Debug|ARM.ActiveCfg = Debug|x64
		{92FDB231-912B-455D-84EC-B56711E7E47C}.Debug|ARM.Build.0 = Debug|x64
		{92FDB231-912B-455D-84EC-B56711E7E47C}.Debug|ARM64.ActiveCfg = Debug|x64
		{92FDB231-912B-455D-84EC-B56711E7E47C}.Debug|ARM64.Build.0 = Debug|x64
		{92FDB231-912B-455D-84EC-B56711E7E47C}.Debug|x64.ActiveCfg = Debug|x64
		{92FDB231-912B-455D-84EC-B56711E7E47C}.Debug|x64.Build.0 = Debug|x64
		{92FDB231-912B-455D-84EC-B56711E7E47C}.Debug|x86.ActiveCfg = Debug|Win32
		{92FDB231-912B-455D-84EC-B56711E7E47C}.Debug|x86.Build.0 = Debug|Win32
		{92FDB231-912B-455D-84EC-B56711E7E47C}.Release|Any CPU.ActiveCfg = Release|x64
		{92FDB231-912B-455D-84EC-B56711E7E47C}.Release|Any CPU.Build.0 = Release|x64
		{92FDB231-912B-455D-84EC-B56711E7E47C}.Release|ARM.ActiveCfg = Release|x64
		{92FDB231-912B-455D-84EC-B56711E7E47C}.Release|ARM.Build.0 = Release|x64
		{92FDB231-912B-455D-84EC-B56711E7E47C}.Release|ARM64.ActiveCfg = Release|x64
		{92FDB231-912B-455D-84EC-B56711E7E47C}.Release|ARM64.Build.0 = Release|x64
		{92FDB231-912B-455D-84EC-B56711E7E47C}.Release|x64.ActiveCfg = Release|x64
		{92FDB231-912B-455D-84EC-B56711E7E47C}.Release|x64.Build.0 = Release|x64
		{92FDB231-912B-455D-84EC-B56711E7E47C}.Release|x86.ActiveCfg = Release|Win32
		{92FDB231-912B-455D-84EC-B56711E7E47C}.Release|x86.Build.0 = Release|Win32
		{8E02A2F0-C2D4-4946-A6D6-4BE6B92B6289}.Debug|Any CPU.ActiveCfg = Debug|Any CPU
		{8E02A2F0-C2D4-4946-A6D6-4BE6B92B6289}.Debug|Any CPU.Build.0 = Debug|Any CPU
		{8E02A2F0-C2D4-4946-A6D6-4BE6B92B6289}.Debug|ARM.ActiveCfg = Debug|Any CPU
		{8E02A2F0-C2D4-4946-A6D6-4BE6B92B6289}.Debug|ARM.Build.0 = Debug|Any CPU
		{8E02A2F0-C2D4-4946-A6D6-4BE6B92B6289}.Debug|ARM64.ActiveCfg = Debug|Any CPU
		{8E02A2F0-C2D4-4946-A6D6-4BE6B92B6289}.Debug|ARM64.Build.0 = Debug|Any CPU
		{8E02A2F0-C2D4-4946-A6D6-4BE6B92B6289}.Debug|x64.ActiveCfg = Debug|Any CPU
		{8E02A2F0-C2D4-4946-A6D6-4BE6B92B6289}.Debug|x64.Build.0 = Debug|Any CPU
		{8E02A2F0-C2D4-4946-A6D6-4BE6B92B6289}.Debug|x86.ActiveCfg = Debug|Any CPU
		{8E02A2F0-C2D4-4946-A6D6-4BE6B92B6289}.Debug|x86.Build.0 = Debug|Any CPU
		{8E02A2F0-C2D4-4946-A6D6-4BE6B92B6289}.Release|Any CPU.ActiveCfg = Release|Any CPU
		{8E02A2F0-C2D4-4946-A6D6-4BE6B92B6289}.Release|Any CPU.Build.0 = Release|Any CPU
		{8E02A2F0-C2D4-4946-A6D6-4BE6B92B6289}.Release|ARM.ActiveCfg = Release|Any CPU
		{8E02A2F0-C2D4-4946-A6D6-4BE6B92B6289}.Release|ARM.Build.0 = Release|Any CPU
		{8E02A2F0-C2D4-4946-A6D6-4BE6B92B6289}.Release|ARM64.ActiveCfg = Release|Any CPU
		{8E02A2F0-C2D4-4946-A6D6-4BE6B92B6289}.Release|ARM64.Build.0 = Release|Any CPU
		{8E02A2F0-C2D4-4946-A6D6-4BE6B92B6289}.Release|x64.ActiveCfg = Release|Any CPU
		{8E02A2F0-C2D4-4946-A6D6-4BE6B92B6289}.Release|x64.Build.0 = Release|Any CPU
		{8E02A2F0-C2D4-4946-A6D6-4BE6B92B6289}.Release|x86.ActiveCfg = Release|Any CPU
		{8E02A2F0-C2D4-4946-A6D6-4BE6B92B6289}.Release|x86.Build.0 = Release|Any CPU
	EndGlobalSection
	GlobalSection(SolutionProperties) = preSolution
		HideSolutionNode = FALSE
	EndGlobalSection
	GlobalSection(ExtensibilityGlobals) = postSolution
		SolutionGuid = {FB75058A-C84F-4E9D-AEEC-0C1C3BE91DEA}
	EndGlobalSection
EndGlobal
